Microsoft Visual Studio Solution File, Format Version 12.00
# Visual Studio 15
VisualStudioVersion = 15.0.26430.14
MinimumVisualStudioVersion = 10.0.40219.1
Project("{FAE04EC0-301F-11D3-BF4B-00C04F79EFBC}") = "SimpleInventoryAPI.Standard", "SimpleInventoryAPI.Standard/SimpleInventoryAPI.Standard.csproj", "{942d275c-f5af-4392-b3d7-768a82d0cea8}"
EndProject
Project("{FAE04EC0-301F-11D3-BF4B-00C04F79EFBC}") = "SimpleInventoryAPI.Tests", "SimpleInventoryAPI.Tests/SimpleInventoryAPI.Tests.csproj", "{552aba3f-a9b7-4b03-aae3-30a16f805142}"
EndProject
Global
    GlobalSection(SolutionConfigurationPlatforms) = preSolution
        Debug|Any CPU = Debug|Any CPU
        Release|Any CPU = Release|Any CPU
    EndGlobalSection
    GlobalSection(ProjectConfigurationPlatforms) = postSolution
        {942d275c-f5af-4392-b3d7-768a82d0cea8}.Debug|Any CPU.ActiveCfg = Debug|Any CPU
        {942d275c-f5af-4392-b3d7-768a82d0cea8}.Debug|Any CPU.Build.0 = Debug|Any CPU
        {942d275c-f5af-4392-b3d7-768a82d0cea8}.Release|Any CPU.ActiveCfg = Release|Any CPU
        {942d275c-f5af-4392-b3d7-768a82d0cea8}.Release|Any CPU.Build.0 = Release|Any CPU
        {552aba3f-a9b7-4b03-aae3-30a16f805142}.Debug|Any CPU.ActiveCfg = Debug|Any CPU
        {552aba3f-a9b7-4b03-aae3-30a16f805142}.Debug|Any CPU.Build.0 = Debug|Any CPU
        {552aba3f-a9b7-4b03-aae3-30a16f805142}.Release|Any CPU.ActiveCfg = Release|Any CPU
        {552aba3f-a9b7-4b03-aae3-30a16f805142}.Release|Any CPU.Build.0 = Release|Any CPU
    EndGlobalSection
    GlobalSection(SolutionProperties) = preSolution
        HideSolutionNode = FALSE
    EndGlobalSection
EndGlobal
